// !$*UTF8*$!
{
	archiveVersion = 1;
	classes = {
	};
	objectVersion = 50;
	objects = {

/* Begin PBXBuildFile section */
		F406729D24DE51E80043E089 /* SecondView.swift in Sources */ = {isa = PBXBuildFile; fileRef = F406729C24DE51E80043E089 /* SecondView.swift */; };
		F489DDED24DC2AA4004A3FF9 /* AppDelegate.swift in Sources */ = {isa = PBXBuildFile; fileRef = F489DDEC24DC2AA4004A3FF9 /* AppDelegate.swift */; };
		F489DDEF24DC2AA4004A3FF9 /* SceneDelegate.swift in Sources */ = {isa = PBXBuildFile; fileRef = F489DDEE24DC2AA4004A3FF9 /* SceneDelegate.swift */; };
		F489DDF124DC2AA4004A3FF9 /* ContentView.swift in Sources */ = {isa = PBXBuildFile; fileRef = F489DDF024DC2AA4004A3FF9 /* ContentView.swift */; };
		F489DDF324DC2AA5004A3FF9 /* Assets.xcassets in Resources */ = {isa = PBXBuildFile; fileRef = F489DDF224DC2AA5004A3FF9 /* Assets.xcassets */; };
		F489DDF624DC2AA5004A3FF9 /* Preview Assets.xcassets in Resources */ = {isa = PBXBuildFile; fileRef = F489DDF524DC2AA5004A3FF9 /* Preview Assets.xcassets */; };
		F489DDF924DC2AA5004A3FF9 /* LaunchScreen.storyboard in Resources */ = {isa = PBXBuildFile; fileRef = F489DDF724DC2AA5004A3FF9 /* LaunchScreen.storyboard */; };
		F489DE0124DC2AC8004A3FF9 /* TimerData.swift in Sources */ = {isa = PBXBuildFile; fileRef = F489DE0024DC2AC8004A3FF9 /* TimerData.swift */; };
/* End PBXBuildFile section */

/* Begin PBXFileReference section */
		F406729C24DE51E80043E089 /* SecondView.swift */ = {isa = PBXFileReference; lastKnownFileType = sourcecode.swift; path = SecondView.swift; sourceTree = "<group>"; };
		F489DDE924DC2AA4004A3FF9 /* ObservableDemo.app */ = {isa = PBXFileReference; explicitFileType = wrapper.application; includeInIndex = 0; path = ObservableDemo.app; sourceTree = BUILT_PRODUCTS_DIR; };
		F489DDEC24DC2AA4004A3FF9 /* AppDelegate.swift */ = {isa = PBXFileReference; lastKnownFileType = sourcecode.swift; path = AppDelegate.swift; sourceTree = "<group>"; };
		F489DDEE24DC2AA4004A3FF9 /* SceneDelegate.swift */ = {isa = PBXFileReference; lastKnownFileType = sourcecode.swift; path = SceneDelegate.swift; sourceTree = "<group>"; };
		F489DDF024DC2AA4004A3FF9 /* ContentView.swift */ = {isa = PBXFileReference; lastKnownFileType = sourcecode.swift; path = ContentView.swift; sourceTree = "<group>"; };
		F489DDF224DC2AA5004A3FF9 /* Assets.xcassets */ = {isa = PBXFileReference; lastKnownFileType = folder.assetcatalog; path = Assets.xcassets; sourceTree = "<group>"; };
		F489DDF524DC2AA5004A3FF9 /* Preview Assets.xcassets */ = {isa = PBXFileReference; lastKnownFileType = folder.assetcatalog; path = "Preview Assets.xcassets"; sourceTree = "<group>"; };
		F489DDF824DC2AA5004A3FF9 /* Base */ = {isa = PBXFileReference; lastKnownFileType = file.storyboard; name = Base; path = Base.lproj/LaunchScreen.storyboard; sourceTree = "<group>"; };
		F489DDFA24DC2AA5004A3FF9 /* Info.plist */ = {isa = PBXFileReference; lastKnownFileType = text.plist.xml; path = Info.plist; sourceTree = "<group>"; };
		F489DE0024DC2AC8004A3FF9 /* TimerData.swift */ = {isa = PBXFileReference; lastKnownFileType = sourcecode.swift; path = TimerData.swift; sourceTree = "<group>"; };
/* End PBXFileReference section */

/* Begin PBXFrameworksBuildPhase section */
		F489DDE624DC2AA4004A3FF9 /* Frameworks */ = {
			isa = PBXFrameworksBuildPhase;
			buildActionMask = 2147483647;
			files = (
			);
			runOnlyForDeploymentPostprocessing = 0;
		};
/* End PBXFrameworksBuildPhase section */

/* Begin PBXGroup section */
		F489DDE024DC2AA4004A3FF9 = {
			isa = PBXGroup;
			children = (
				F489DE0024DC2AC8004A3FF9 /* TimerData.swift */,
				F489DDEB24DC2AA4004A3FF9 /* ObservableDemo */,
				F489DDEA24DC2AA4004A3FF9 /* Products */,
			);
			sourceTree = "<group>";
		};
		F489DDEA24DC2AA4004A3FF9 /* Products */ = {
			isa = PBXGroup;
			children = (
				F489DDE924DC2AA4004A3FF9 /* ObservableDemo.app */,
			);
			name = Products;
			sourceTree = "<group>";
		};
		F489DDEB24DC2AA4004A3FF9 /* ObservableDemo */ = {
			isa = PBXGroup;
			children = (
				F489DDEC24DC2AA4004A3FF9 /* AppDelegate.swift */,
				F489DDEE24DC2AA4004A3FF9 /* SceneDelegate.swift */,
				F489DDF024DC2AA4004A3FF9 /* ContentView.swift */,
				F406729C24DE51E80043E089 /* SecondView.swift */,
				F489DDF224DC2AA5004A3FF9 /* Assets.xcassets */,
				F489DDF724DC2AA5004A3FF9 /* LaunchScreen.storyboard */,
				F489DDFA24DC2AA5004A3FF9 /* Info.plist */,
				F489DDF424DC2AA5004A3FF9 /* Preview Content */,
			);
			path = ObservableDemo;
			sourceTree = "<group>";
		};
		F489DDF424DC2AA5004A3FF9 /* Preview Content */ = {
			isa = PBXGroup;
			children = (
				F489DDF524DC2AA5004A3FF9 /* Preview Assets.xcassets */,
			);
			path = "Preview Content";
			sourceTree = "<group>";
		};
/* End PBXGroup section */

/* Begin PBXNativeTarget section */
		F489DDE824DC2AA4004A3FF9 /* ObservableDemo */ = {
			isa = PBXNativeTarget;
			buildConfigurationList = F489DDFD24DC2AA5004A3FF9 /* Build configuration list for PBXNativeTarget "ObservableDemo" */;
			buildPhases = (
				F489DDE524DC2AA4004A3FF9 /* Sources */,
				F489DDE624DC2AA4004A3FF9 /* Frameworks */,
				F489DDE724DC2AA4004A3FF9 /* Resources */,
			);
			buildRules = (
			);
			dependencies = (
			);
			name = ObservableDemo;
			productName = ObservableDemo;
			productReference = F489DDE924DC2AA4004A3FF9 /* ObservableDemo.app */;
			productType = "com.apple.product-type.application";
		};
/* End PBXNativeTarget section */

/* Begin PBXProject section */
		F489DDE124DC2AA4004A3FF9 /* Project object */ = {
			isa = PBXProject;
			attributes = {
				LastSwiftUpdateCheck = 1160;
				LastUpgradeCheck = 1160;
				ORGANIZATIONNAME = "SUYOUNG KIM";
				TargetAttributes = {
					F489DDE824DC2AA4004A3FF9 = {
						CreatedOnToolsVersion = 11.6;
					};
				};
			};
			buildConfigurationList = F489DDE424DC2AA4004A3FF9 /* Build configuration list for PBXProject "ObservableDemo" */;
			compatibilityVersion = "Xcode 9.3";
			developmentRegion = en;
			hasScannedForEncodings = 0;
			knownRegions = (
				en,
				Base,
			);
			mainGroup = F489DDE024DC2AA4004A3FF9;
			productRefGroup = F489DDEA24DC2AA4004A3FF9 /* Products */;
			projectDirPath = "";
			projectRoot = "";
			targets = (
				F489DDE824DC2AA4004A3FF9 /* ObservableDemo */,
			);
		};
/* End PBXProject section */

/* Begin PBXResourcesBuildPhase section */
		F489DDE724DC2AA4004A3FF9 /* Resources */ = {
			isa = PBXResourcesBuildPhase;
			buildActionMask = 2147483647;
			files = (
				F489DDF924DC2AA5004A3FF9 /* LaunchScreen.storyboard in Resources */,
				F489DDF624DC2AA5004A3FF9 /* Preview Assets.xcassets in Resources */,
				F489DDF324DC2AA5004A3FF9 /* Assets.xcassets in Resources */,
			);
			runOnlyForDeploymentPostprocessing = 0;
		};
/* End PBXResourcesBuildPhase section */

/* Begin PBXSourcesBuildPhase section */
		F489DDE524DC2AA4004A3FF9 /* Sources */ = {
			isa = PBXSourcesBuildPhase;
			buildActionMask = 2147483647;
			files = (
				F489DDED24DC2AA4004A3FF9 /* AppDelegate.swift in Sources */,
				F406729D24DE51E80043E089 /* SecondView.swift in Sources */,
				F489DE0124DC2AC8004A3FF9 /* TimerData.swift in Sources */,
				F489DDEF24DC2AA4004A3FF9 /* SceneDelegate.swift in Sources */,
				F489DDF124DC2AA4004A3FF9 /* ContentView.swift in Sources */,
			);
			runOnlyForDeploymentPostprocessing = 0;
		};
/* End PBXSourcesBuildPhase section */

/* Begin PBXVariantGroup section */
		F489DDF724DC2AA5004A3FF9 /* LaunchScreen.storyboard */ = {
			isa = PBXVariantGroup;
			children = (
				F489DDF824DC2AA5004A3FF9 /* Base */,
			);
			name = LaunchScreen.storyboard;
			sourceTree = "<group>";
		};
/* End PBXVariantGroup section */

/* Begin XCBuildConfiguration section */
		F489DDFB24DC2AA5004A3FF9 /* Debug */ = {
			isa = XCBuildConfiguration;
			buildSettings = {
				ALWAYS_SEARCH_USER_PATHS = NO;
				CLANG_ANALYZER_NONNULL = YES;
				CLANG_ANALYZER_NUMBER_OBJECT_CONVERSION = YES_AGGRESSIVE;
				CLANG_CXX_LANGUAGE_STANDARD = "gnu++14";
				CLANG_CXX_LIBRARY = "libc++";
				CLANG_ENABLE_MODULES = YES;
				CLANG_ENABLE_OBJC_ARC = YES;
				CLANG_ENABLE_OBJC_WEAK = YES;
				CLANG_WARN_BLOCK_CAPTURE_AUTORELEASING = YES;
				CLANG_WARN_BOOL_CONVERSION = YES;
				CLANG_WARN_COMMA = YES;
				CLANG_WARN_CONSTANT_CONVERSION = YES;
				CLANG_WARN_DEPRECATED_OBJC_IMPLEMENTATIONS = YES;
				CLANG_WARN_DIRECT_OBJC_ISA_USAGE = YES_ERROR;
				CLANG_WARN_DOCUMENTATION_COMMENTS = YES;
				CLANG_WARN_EMPTY_BODY = YES;
				CLANG_WARN_ENUM_CONVERSION = YES;
				CLANG_WARN_INFINITE_RECURSION = YES;
				CLANG_WARN_INT_CONVERSION = YES;
				CLANG_WARN_NON_LITERAL_NULL_CONVERSION = YES;
				CLANG_WARN_OBJC_IMPLICIT_RETAIN_SELF = YES;
				CLANG_WARN_OBJC_LITERAL_CONVERSION = YES;
				CLANG_WARN_OBJC_ROOT_CLASS = YES_ERROR;
				CLANG_WARN_RANGE_LOOP_ANALYSIS = YES;
				CLANG_WARN_STRICT_PROTOTYPES = YES;
				CLANG_WARN_SUSPICIOUS_MOVE = YES;
				CLANG_WARN_UNGUARDED_AVAILABILITY = YES_AGGRESSIVE;
				CLANG_WARN_UNREACHABLE_CODE = YES;
				CLANG_WARN__DUPLICATE_METHOD_MATCH = YES;
				COPY_PHASE_STRIP = NO;
				DEBUG_INFORMATION_FORMAT = dwarf;
				ENABLE_STRICT_OBJC_MSGSEND = YES;
				ENABLE_TESTABILITY = YES;
				GCC_C_LANGUAGE_STANDARD = gnu11;
				GCC_DYNAMIC_NO_PIC = NO;
				GCC_NO_COMMON_BLOCKS = YES;
				GCC_OPTIMIZATION_LEVEL = 0;
				GCC_PREPROCESSOR_DEFINITIONS = (
					"DEBUG=1",
					"$(inherited)",
				);
				GCC_WARN_64_TO_32_BIT_CONVERSION = YES;
				GCC_WARN_ABOUT_RETURN_TYPE = YES_ERROR;
				GCC_WARN_UNDECLARED_SELECTOR = YES;
				GCC_WARN_UNINITIALIZED_AUTOS = YES_AGGRESSIVE;
				GCC_WARN_UNUSED_FUNCTION = YES;
				GCC_WARN_UNUSED_VARIABLE = YES;
				IPHONEOS_DEPLOYMENT_TARGET = 13.6;
				MTL_ENABLE_DEBUG_INFO = INCLUDE_SOURCE;
				MTL_FAST_MATH = YES;
				ONLY_ACTIVE_ARCH = YES;
				SDKROOT = iphoneos;
				SWIFT_ACTIVE_COMPILATION_CONDITIONS = DEBUG;
				SWIFT_OPTIMIZATION_LEVEL = "-Onone";
			};
			name = Debug;
		};
		F489DDFC24DC2AA5004A3FF9 /* Release */ = {
			isa = XCBuildConfiguration;
			buildSettings = {
				ALWAYS_SEARCH_USER_PATHS = NO;
				CLANG_ANALYZER_NONNULL = YES;
				CLANG_ANALYZER_NUMBER_OBJECT_CONVERSION = YES_AGGRESSIVE;
				CLANG_CXX_LANGUAGE_STANDARD = "gnu++14";
				CLANG_CXX_LIBRARY = "libc++";
				CLANG_ENABLE_MODULES = YES;
				CLANG_ENABLE_OBJC_ARC = YES;
				CLANG_ENABLE_OBJC_WEAK = YES;
				CLANG_WARN_BLOCK_CAPTURE_AUTORELEASING = YES;
				CLANG_WARN_BOOL_CONVERSION = YES;
				CLANG_WARN_COMMA = YES;
				CLANG_WARN_CONSTANT_CONVERSION = YES;
				CLANG_WARN_DEPRECATED_OBJC_IMPLEMENTATIONS = YES;
				CLANG_WARN_DIRECT_OBJC_ISA_USAGE = YES_ERROR;
				CLANG_WARN_DOCUMENTATION_COMMENTS = YES;
				CLANG_WARN_EMPTY_BODY = YES;
				CLANG_WARN_ENUM_CONVERSION = YES;
				CLANG_WARN_INFINITE_RECURSION = YES;
				CLANG_WARN_INT_CONVERSION = YES;
				CLANG_WARN_NON_LITERAL_NULL_CONVERSION = YES;
				CLANG_WARN_OBJC_IMPLICIT_RETAIN_SELF = YES;
				CLANG_WARN_OBJC_LITERAL_CONVERSION = YES;
				CLANG_WARN_OBJC_ROOT_CLASS = YES_ERROR;
				CLANG_WARN_RANGE_LOOP_ANALYSIS = YES;
				CLANG_WARN_STRICT_PROTOTYPES = YES;
				CLANG_WARN_SUSPICIOUS_MOVE = YES;
				CLANG_WARN_UNGUARDED_AVAILABILITY = YES_AGGRESSIVE;
				CLANG_WARN_UNREACHABLE_CODE = YES;
				CLANG_WARN__DUPLICATE_METHOD_MATCH = YES;
				COPY_PHASE_STRIP = NO;
				DEBUG_INFORMATION_FORMAT = "dwarf-with-dsym";
				ENABLE_NS_ASSERTIONS = NO;
				ENABLE_STRICT_OBJC_MSGSEND = YES;
				GCC_C_LANGUAGE_STANDARD = gnu11;
				GCC_NO_COMMON_BLOCKS = YES;
				GCC_WARN_64_TO_32_BIT_CONVERSION = YES;
				GCC_WARN_ABOUT_RETURN_TYPE = YES_ERROR;
				GCC_WARN_UNDECLARED_SELECTOR = YES;
				GCC_WARN_UNINITIALIZED_AUTOS = YES_AGGRESSIVE;
				GCC_WARN_UNUSED_FUNCTION = YES;
				GCC_WARN_UNUSED_VARIABLE = YES;
				IPHONEOS_DEPLOYMENT_TARGET = 13.6;
				MTL_ENABLE_DEBUG_INFO = NO;
				MTL_FAST_MATH = YES;
				SDKROOT = iphoneos;
				SWIFT_COMPILATION_MODE = wholemodule;
				SWIFT_OPTIMIZATION_LEVEL = "-O";
				VALIDATE_PRODUCT = YES;
			};
			name = Release;
		};
		F489DDFE24DC2AA5004A3FF9 /* Debug */ = {
			isa = XCBuildConfiguration;
			buildSettings = {
				ASSETCATALOG_COMPILER_APPICON_NAME = AppIcon;
				CODE_SIGN_STYLE = Automatic;
				DEVELOPMENT_ASSET_PATHS = "\"ObservableDemo/Preview Content\"";
				DEVELOPMENT_TEAM = BZCYVGMV4S;
				ENABLE_PREVIEWS = YES;
				INFOPLIST_FILE = ObservableDemo/Info.plist;
				LD_RUNPATH_SEARCH_PATHS = (
					"$(inherited)",
					"@executable_path/Frameworks",
				);
				PRODUCT_BUNDLE_IDENTIFIER = com.kpp.ObservableDemo;
				PRODUCT_NAME = "$(TARGET_NAME)";
				SWIFT_VERSION = 5.0;
				TARGETED_DEVICE_FAMILY = "1,2";
			};
			name = Debug;
		};
		F489DDFF24DC2AA5004A3FF9 /* Release */ = {
			isa = XCBuildConfiguration;
			buildSettings = {
				ASSETCATALOG_COMPILER_APPICON_NAME = AppIcon;
				CODE_SIGN_STYLE = Automatic;
				DEVELOPMENT_ASSET_PATHS = "\"ObservableDemo/Preview Content\"";
				DEVELOPMENT_TEAM = BZCYVGMV4S;
				ENABLE_PREVIEWS = YES;
				INFOPLIST_FILE = ObservableDemo/Info.plist;
				LD_RUNPATH_SEARCH_PATHS = (
					"$(inherited)",
					"@executable_path/Frameworks",
				);
				PRODUCT_BUNDLE_IDENTIFIER = com.kpp.ObservableDemo;
				PRODUCT_NAME = "$(TARGET_NAME)";
				SWIFT_VERSION = 5.0;
				TARGETED_DEVICE_FAMILY = "1,2";
			};
			name = Release;
		};
/* End XCBuildConfiguration section */

/* Begin XCConfigurationList section */
		F489DDE424DC2AA4004A3FF9 /* Build configuration list for PBXProject "ObservableDemo" */ = {
			isa = XCConfigurationList;
			buildConfigurations = (
				F489DDFB24DC2AA5004A3FF9 /* Debug */,
				F489DDFC24DC2AA5004A3FF9 /* Release */,
			);
			defaultConfigurationIsVisible = 0;
			defaultConfigurationName = Release;
		};
		F489DDFD24DC2AA5004A3FF9 /* Build configuration list for PBXNativeTarget "ObservableDemo" */ = {
			isa = XCConfigurationList;
			buildConfigurations = (
				F489DDFE24DC2AA5004A3FF9 /* Debug */,
				F489DDFF24DC2AA5004A3FF9 /* Release */,
			);
			defaultConfigurationIsVisible = 0;
			defaultConfigurationName = Release;
		};
/* End XCConfigurationList section */
	};
	rootObject = F489DDE124DC2AA4004A3FF9 /* Project object */;
}
