// !$*UTF8*$!
{
	archiveVersion = 1;
	classes = {
	};
	objectVersion = 50;
	objects = {

/* Begin PBXBuildFile section */
		F400643A24EA0BB20041C6E2 /* MapView.swift in Sources */ = {isa = PBXBuildFile; fileRef = F400643924EA0BB20041C6E2 /* MapView.swift */; };
		F400643D24EA10170041C6E2 /* Landmark.swift in Sources */ = {isa = PBXBuildFile; fileRef = F400643C24EA10170041C6E2 /* Landmark.swift */; };
		F400645924EA127C0041C6E2 /* LandmarkRow.swift in Sources */ = {isa = PBXBuildFile; fileRef = F400645824EA127C0041C6E2 /* LandmarkRow.swift */; };
		F400645B24EA14F70041C6E2 /* Data.swift in Sources */ = {isa = PBXBuildFile; fileRef = F400645A24EA14F70041C6E2 /* Data.swift */; };
		F400645D24EA1AB80041C6E2 /* LandmarkList.swift in Sources */ = {isa = PBXBuildFile; fileRef = F400645C24EA1AB80041C6E2 /* LandmarkList.swift */; };
		F407084824EE88310065DD1E /* Home.swift in Sources */ = {isa = PBXBuildFile; fileRef = F407084724EE88310065DD1E /* Home.swift */; };
		F407084A24EE95EB0065DD1E /* CategoryRow.swift in Sources */ = {isa = PBXBuildFile; fileRef = F407084924EE95EB0065DD1E /* CategoryRow.swift */; };
		F4484A4524E92CA900A00C61 /* AppDelegate.swift in Sources */ = {isa = PBXBuildFile; fileRef = F4484A4424E92CA900A00C61 /* AppDelegate.swift */; };
		F4484A4724E92CA900A00C61 /* SceneDelegate.swift in Sources */ = {isa = PBXBuildFile; fileRef = F4484A4624E92CA900A00C61 /* SceneDelegate.swift */; };
		F4484A4924E92CA900A00C61 /* LandmarkDetail.swift in Sources */ = {isa = PBXBuildFile; fileRef = F4484A4824E92CA900A00C61 /* LandmarkDetail.swift */; };
		F4484A4B24E92CAA00A00C61 /* Assets.xcassets in Resources */ = {isa = PBXBuildFile; fileRef = F4484A4A24E92CAA00A00C61 /* Assets.xcassets */; };
		F4484A4E24E92CAA00A00C61 /* Preview Assets.xcassets in Resources */ = {isa = PBXBuildFile; fileRef = F4484A4D24E92CAA00A00C61 /* Preview Assets.xcassets */; };
		F4484A5124E92CAA00A00C61 /* LaunchScreen.storyboard in Resources */ = {isa = PBXBuildFile; fileRef = F4484A4F24E92CAA00A00C61 /* LaunchScreen.storyboard */; };
		F4484A5E24E93A0D00A00C61 /* CircleImage.swift in Sources */ = {isa = PBXBuildFile; fileRef = F4484A5D24E93A0D00A00C61 /* CircleImage.swift */; };
		F45A7AFD24EB75F6005D23CA /* UserData.swift in Sources */ = {isa = PBXBuildFile; fileRef = F45A7AFC24EB75F6005D23CA /* UserData.swift */; };
		F46D6EA024ED1DA200CE0320 /* HikeGraph.swift in Sources */ = {isa = PBXBuildFile; fileRef = F46D6E9F24ED1DA200CE0320 /* HikeGraph.swift */; };
		F498BB9524EC160800F5B92B /* BadgeBackground.swift in Sources */ = {isa = PBXBuildFile; fileRef = F498BB9424EC160800F5B92B /* BadgeBackground.swift */; };
		F498BB9724EC19C400F5B92B /* BadgeSymbol.swift in Sources */ = {isa = PBXBuildFile; fileRef = F498BB9624EC19C400F5B92B /* BadgeSymbol.swift */; };
		F498BB9924EC1F9B00F5B92B /* RotatedBadgeSymbol.swift in Sources */ = {isa = PBXBuildFile; fileRef = F498BB9824EC1F9B00F5B92B /* RotatedBadgeSymbol.swift */; };
		F4A6B6EE24EEB94F00FD002C /* hiddenlake.jpg in Resources */ = {isa = PBXBuildFile; fileRef = F4A6B6E024EEB94E00FD002C /* hiddenlake.jpg */; };
		F4A6B6EF24EEB94F00FD002C /* landmarkData.json in Resources */ = {isa = PBXBuildFile; fileRef = F4A6B6E124EEB94E00FD002C /* landmarkData.json */; };
		F4A6B6F024EEB94F00FD002C /* hikeData.json in Resources */ = {isa = PBXBuildFile; fileRef = F4A6B6E224EEB94E00FD002C /* hikeData.json */; };
		F4A6B6F124EEB94F00FD002C /* chincoteague.jpg in Resources */ = {isa = PBXBuildFile; fileRef = F4A6B6E324EEB94E00FD002C /* chincoteague.jpg */; };
		F4A6B6F224EEB94F00FD002C /* turtlerock.jpg in Resources */ = {isa = PBXBuildFile; fileRef = F4A6B6E424EEB94E00FD002C /* turtlerock.jpg */; };
		F4A6B6F324EEB94F00FD002C /* twinlake.jpg in Resources */ = {isa = PBXBuildFile; fileRef = F4A6B6E524EEB94E00FD002C /* twinlake.jpg */; };
		F4A6B6F424EEB94F00FD002C /* lakemcdonald.jpg in Resources */ = {isa = PBXBuildFile; fileRef = F4A6B6E624EEB94E00FD002C /* lakemcdonald.jpg */; };
		F4A6B6F524EEB94F00FD002C /* stmarylake.jpg in Resources */ = {isa = PBXBuildFile; fileRef = F4A6B6E724EEB94E00FD002C /* stmarylake.jpg */; };
		F4A6B6F624EEB94F00FD002C /* rainbowlake.jpg in Resources */ = {isa = PBXBuildFile; fileRef = F4A6B6E824EEB94F00FD002C /* rainbowlake.jpg */; };
		F4A6B6F724EEB94F00FD002C /* icybay.jpg in Resources */ = {isa = PBXBuildFile; fileRef = F4A6B6E924EEB94F00FD002C /* icybay.jpg */; };
		F4A6B6F824EEB94F00FD002C /* chilkoottrail.jpg in Resources */ = {isa = PBXBuildFile; fileRef = F4A6B6EA24EEB94F00FD002C /* chilkoottrail.jpg */; };
		F4A6B6F924EEB94F00FD002C /* umbagog.jpg in Resources */ = {isa = PBXBuildFile; fileRef = F4A6B6EB24EEB94F00FD002C /* umbagog.jpg */; };
		F4A6B6FA24EEB94F00FD002C /* charleyrivers.jpg in Resources */ = {isa = PBXBuildFile; fileRef = F4A6B6EC24EEB94F00FD002C /* charleyrivers.jpg */; };
		F4A6B6FB24EEB94F00FD002C /* silversalmoncreek.jpg in Resources */ = {isa = PBXBuildFile; fileRef = F4A6B6ED24EEB94F00FD002C /* silversalmoncreek.jpg */; };
		F4CA806D24ECB6F90013ECC6 /* HikeView.swift in Sources */ = {isa = PBXBuildFile; fileRef = F4CA806C24ECB6F90013ECC6 /* HikeView.swift */; };
		F4CA807224ECBB360013ECC6 /* Hike.swift in Sources */ = {isa = PBXBuildFile; fileRef = F4CA807124ECBB360013ECC6 /* Hike.swift */; };
		F4CA807424ECD8690013ECC6 /* HikeDetail.swift in Sources */ = {isa = PBXBuildFile; fileRef = F4CA807324ECD8690013ECC6 /* HikeDetail.swift */; };
		F4CA807624ECE00F0013ECC6 /* GraphCapsule.swift in Sources */ = {isa = PBXBuildFile; fileRef = F4CA807524ECE00F0013ECC6 /* GraphCapsule.swift */; };
		F4D94A3F24EBB41700801ECE /* Badge.swift in Sources */ = {isa = PBXBuildFile; fileRef = F4D94A3E24EBB41700801ECE /* Badge.swift */; };
		F4D94A4124EBB51300801ECE /* HexagonParameters.swift in Sources */ = {isa = PBXBuildFile; fileRef = F4D94A4024EBB51300801ECE /* HexagonParameters.swift */; };
/* End PBXBuildFile section */

/* Begin PBXFileReference section */
		F400643924EA0BB20041C6E2 /* MapView.swift */ = {isa = PBXFileReference; lastKnownFileType = sourcecode.swift; path = MapView.swift; sourceTree = "<group>"; };
		F400643C24EA10170041C6E2 /* Landmark.swift */ = {isa = PBXFileReference; lastKnownFileType = sourcecode.swift; path = Landmark.swift; sourceTree = "<group>"; };
		F400645824EA127C0041C6E2 /* LandmarkRow.swift */ = {isa = PBXFileReference; lastKnownFileType = sourcecode.swift; path = LandmarkRow.swift; sourceTree = "<group>"; };
		F400645A24EA14F70041C6E2 /* Data.swift */ = {isa = PBXFileReference; lastKnownFileType = sourcecode.swift; path = Data.swift; sourceTree = "<group>"; };
		F400645C24EA1AB80041C6E2 /* LandmarkList.swift */ = {isa = PBXFileReference; lastKnownFileType = sourcecode.swift; path = LandmarkList.swift; sourceTree = "<group>"; };
		F407084724EE88310065DD1E /* Home.swift */ = {isa = PBXFileReference; lastKnownFileType = sourcecode.swift; path = Home.swift; sourceTree = "<group>"; };
		F407084924EE95EB0065DD1E /* CategoryRow.swift */ = {isa = PBXFileReference; lastKnownFileType = sourcecode.swift; path = CategoryRow.swift; sourceTree = "<group>"; };
		F4484A4124E92CA900A00C61 /* Landmarks.app */ = {isa = PBXFileReference; explicitFileType = wrapper.application; includeInIndex = 0; path = Landmarks.app; sourceTree = BUILT_PRODUCTS_DIR; };
		F4484A4424E92CA900A00C61 /* AppDelegate.swift */ = {isa = PBXFileReference; lastKnownFileType = sourcecode.swift; path = AppDelegate.swift; sourceTree = "<group>"; };
		F4484A4624E92CA900A00C61 /* SceneDelegate.swift */ = {isa = PBXFileReference; lastKnownFileType = sourcecode.swift; path = SceneDelegate.swift; sourceTree = "<group>"; };
		F4484A4824E92CA900A00C61 /* LandmarkDetail.swift */ = {isa = PBXFileReference; lastKnownFileType = sourcecode.swift; path = LandmarkDetail.swift; sourceTree = "<group>"; };
		F4484A4A24E92CAA00A00C61 /* Assets.xcassets */ = {isa = PBXFileReference; lastKnownFileType = folder.assetcatalog; path = Assets.xcassets; sourceTree = "<group>"; };
		F4484A4D24E92CAA00A00C61 /* Preview Assets.xcassets */ = {isa = PBXFileReference; lastKnownFileType = folder.assetcatalog; path = "Preview Assets.xcassets"; sourceTree = "<group>"; };
		F4484A5024E92CAA00A00C61 /* Base */ = {isa = PBXFileReference; lastKnownFileType = file.storyboard; name = Base; path = Base.lproj/LaunchScreen.storyboard; sourceTree = "<group>"; };
		F4484A5224E92CAA00A00C61 /* Info.plist */ = {isa = PBXFileReference; lastKnownFileType = text.plist.xml; path = Info.plist; sourceTree = "<group>"; };
		F4484A5D24E93A0D00A00C61 /* CircleImage.swift */ = {isa = PBXFileReference; lastKnownFileType = sourcecode.swift; path = CircleImage.swift; sourceTree = "<group>"; };
		F45A7AFC24EB75F6005D23CA /* UserData.swift */ = {isa = PBXFileReference; lastKnownFileType = sourcecode.swift; path = UserData.swift; sourceTree = "<group>"; };
		F46D6E9F24ED1DA200CE0320 /* HikeGraph.swift */ = {isa = PBXFileReference; lastKnownFileType = sourcecode.swift; path = HikeGraph.swift; sourceTree = "<group>"; };
		F498BB9424EC160800F5B92B /* BadgeBackground.swift */ = {isa = PBXFileReference; lastKnownFileType = sourcecode.swift; path = BadgeBackground.swift; sourceTree = "<group>"; };
		F498BB9624EC19C400F5B92B /* BadgeSymbol.swift */ = {isa = PBXFileReference; lastKnownFileType = sourcecode.swift; path = BadgeSymbol.swift; sourceTree = "<group>"; };
		F498BB9824EC1F9B00F5B92B /* RotatedBadgeSymbol.swift */ = {isa = PBXFileReference; lastKnownFileType = sourcecode.swift; path = RotatedBadgeSymbol.swift; sourceTree = "<group>"; };
		F4A6B6E024EEB94E00FD002C /* hiddenlake.jpg */ = {isa = PBXFileReference; lastKnownFileType = image.jpeg; path = hiddenlake.jpg; sourceTree = "<group>"; };
		F4A6B6E124EEB94E00FD002C /* landmarkData.json */ = {isa = PBXFileReference; fileEncoding = 4; lastKnownFileType = text.json; path = landmarkData.json; sourceTree = "<group>"; };
		F4A6B6E224EEB94E00FD002C /* hikeData.json */ = {isa = PBXFileReference; fileEncoding = 4; lastKnownFileType = text.json; path = hikeData.json; sourceTree = "<group>"; };
		F4A6B6E324EEB94E00FD002C /* chincoteague.jpg */ = {isa = PBXFileReference; lastKnownFileType = image.jpeg; path = chincoteague.jpg; sourceTree = "<group>"; };
		F4A6B6E424EEB94E00FD002C /* turtlerock.jpg */ = {isa = PBXFileReference; lastKnownFileType = image.jpeg; path = turtlerock.jpg; sourceTree = "<group>"; };
		F4A6B6E524EEB94E00FD002C /* twinlake.jpg */ = {isa = PBXFileReference; lastKnownFileType = image.jpeg; path = twinlake.jpg; sourceTree = "<group>"; };
		F4A6B6E624EEB94E00FD002C /* lakemcdonald.jpg */ = {isa = PBXFileReference; lastKnownFileType = image.jpeg; path = lakemcdonald.jpg; sourceTree = "<group>"; };
		F4A6B6E724EEB94E00FD002C /* stmarylake.jpg */ = {isa = PBXFileReference; lastKnownFileType = image.jpeg; path = stmarylake.jpg; sourceTree = "<group>"; };
		F4A6B6E824EEB94F00FD002C /* rainbowlake.jpg */ = {isa = PBXFileReference; lastKnownFileType = image.jpeg; path = rainbowlake.jpg; sourceTree = "<group>"; };
		F4A6B6E924EEB94F00FD002C /* icybay.jpg */ = {isa = PBXFileReference; lastKnownFileType = image.jpeg; path = icybay.jpg; sourceTree = "<group>"; };
		F4A6B6EA24EEB94F00FD002C /* chilkoottrail.jpg */ = {isa = PBXFileReference; lastKnownFileType = image.jpeg; path = chilkoottrail.jpg; sourceTree = "<group>"; };
		F4A6B6EB24EEB94F00FD002C /* umbagog.jpg */ = {isa = PBXFileReference; lastKnownFileType = image.jpeg; path = umbagog.jpg; sourceTree = "<group>"; };
		F4A6B6EC24EEB94F00FD002C /* charleyrivers.jpg */ = {isa = PBXFileReference; lastKnownFileType = image.jpeg; path = charleyrivers.jpg; sourceTree = "<group>"; };
		F4A6B6ED24EEB94F00FD002C /* silversalmoncreek.jpg */ = {isa = PBXFileReference; lastKnownFileType = image.jpeg; path = silversalmoncreek.jpg; sourceTree = "<group>"; };
		F4CA806C24ECB6F90013ECC6 /* HikeView.swift */ = {isa = PBXFileReference; lastKnownFileType = sourcecode.swift; path = HikeView.swift; sourceTree = "<group>"; };
		F4CA807124ECBB360013ECC6 /* Hike.swift */ = {isa = PBXFileReference; lastKnownFileType = sourcecode.swift; path = Hike.swift; sourceTree = "<group>"; };
		F4CA807324ECD8690013ECC6 /* HikeDetail.swift */ = {isa = PBXFileReference; lastKnownFileType = sourcecode.swift; path = HikeDetail.swift; sourceTree = "<group>"; };
		F4CA807524ECE00F0013ECC6 /* GraphCapsule.swift */ = {isa = PBXFileReference; lastKnownFileType = sourcecode.swift; path = GraphCapsule.swift; sourceTree = "<group>"; };
		F4D94A3E24EBB41700801ECE /* Badge.swift */ = {isa = PBXFileReference; lastKnownFileType = sourcecode.swift; path = Badge.swift; sourceTree = "<group>"; };
		F4D94A4024EBB51300801ECE /* HexagonParameters.swift */ = {isa = PBXFileReference; lastKnownFileType = sourcecode.swift; path = HexagonParameters.swift; sourceTree = "<group>"; };
/* End PBXFileReference section */

/* Begin PBXFrameworksBuildPhase section */
		F4484A3E24E92CA900A00C61 /* Frameworks */ = {
			isa = PBXFrameworksBuildPhase;
			buildActionMask = 2147483647;
			files = (
			);
			runOnlyForDeploymentPostprocessing = 0;
		};
/* End PBXFrameworksBuildPhase section */

/* Begin PBXGroup section */
		F400643B24EA0FF90041C6E2 /* Models */ = {
			isa = PBXGroup;
			children = (
				F45A7AFC24EB75F6005D23CA /* UserData.swift */,
				F400643C24EA10170041C6E2 /* Landmark.swift */,
				F400645A24EA14F70041C6E2 /* Data.swift */,
				F4CA807124ECBB360013ECC6 /* Hike.swift */,
			);
			path = Models;
			sourceTree = "<group>";
		};
		F4484A3824E92CA900A00C61 = {
			isa = PBXGroup;
			children = (
				F4484A4324E92CA900A00C61 /* Landmarks */,
				F4484A4224E92CA900A00C61 /* Products */,
			);
			sourceTree = "<group>";
		};
		F4484A4224E92CA900A00C61 /* Products */ = {
			isa = PBXGroup;
			children = (
				F4484A4124E92CA900A00C61 /* Landmarks.app */,
			);
			name = Products;
			sourceTree = "<group>";
		};
		F4484A4324E92CA900A00C61 /* Landmarks */ = {
			isa = PBXGroup;
			children = (
				F4CA806E24ECB7630013ECC6 /* Supporting Views */,
				F400643B24EA0FF90041C6E2 /* Models */,
				F4484A5A24E9399C00A00C61 /* Resources */,
				F4484A4424E92CA900A00C61 /* AppDelegate.swift */,
				F4484A4624E92CA900A00C61 /* SceneDelegate.swift */,
				F4CA806C24ECB6F90013ECC6 /* HikeView.swift */,
				F4CA807324ECD8690013ECC6 /* HikeDetail.swift */,
				F4D94A4024EBB51300801ECE /* HexagonParameters.swift */,
				F4484A4824E92CA900A00C61 /* LandmarkDetail.swift */,
				F407084924EE95EB0065DD1E /* CategoryRow.swift */,
				F400645824EA127C0041C6E2 /* LandmarkRow.swift */,
				F400645C24EA1AB80041C6E2 /* LandmarkList.swift */,
				F407084724EE88310065DD1E /* Home.swift */,
				F4484A4A24E92CAA00A00C61 /* Assets.xcassets */,
				F4484A4F24E92CAA00A00C61 /* LaunchScreen.storyboard */,
				F4484A5224E92CAA00A00C61 /* Info.plist */,
				F4484A4C24E92CAA00A00C61 /* Preview Content */,
			);
			path = Landmarks;
			sourceTree = "<group>";
		};
		F4484A4C24E92CAA00A00C61 /* Preview Content */ = {
			isa = PBXGroup;
			children = (
				F4484A4D24E92CAA00A00C61 /* Preview Assets.xcassets */,
			);
			path = "Preview Content";
			sourceTree = "<group>";
		};
		F4484A5A24E9399C00A00C61 /* Resources */ = {
			isa = PBXGroup;
			children = (
				F4A6B6EC24EEB94F00FD002C /* charleyrivers.jpg */,
				F4A6B6EA24EEB94F00FD002C /* chilkoottrail.jpg */,
				F4A6B6E324EEB94E00FD002C /* chincoteague.jpg */,
				F4A6B6E024EEB94E00FD002C /* hiddenlake.jpg */,
				F4A6B6E224EEB94E00FD002C /* hikeData.json */,
				F4A6B6E924EEB94F00FD002C /* icybay.jpg */,
				F4A6B6E624EEB94E00FD002C /* lakemcdonald.jpg */,
				F4A6B6E124EEB94E00FD002C /* landmarkData.json */,
				F4A6B6E824EEB94F00FD002C /* rainbowlake.jpg */,
				F4A6B6ED24EEB94F00FD002C /* silversalmoncreek.jpg */,
				F4A6B6E724EEB94E00FD002C /* stmarylake.jpg */,
				F4A6B6E424EEB94E00FD002C /* turtlerock.jpg */,
				F4A6B6E524EEB94E00FD002C /* twinlake.jpg */,
				F4A6B6EB24EEB94F00FD002C /* umbagog.jpg */,
			);
			path = Resources;
			sourceTree = "<group>";
		};
		F4CA806E24ECB7630013ECC6 /* Supporting Views */ = {
			isa = PBXGroup;
			children = (
				F4484A5D24E93A0D00A00C61 /* CircleImage.swift */,
				F400643924EA0BB20041C6E2 /* MapView.swift */,
				F4D94A3E24EBB41700801ECE /* Badge.swift */,
				F498BB9624EC19C400F5B92B /* BadgeSymbol.swift */,
				F498BB9824EC1F9B00F5B92B /* RotatedBadgeSymbol.swift */,
				F498BB9424EC160800F5B92B /* BadgeBackground.swift */,
				F4CA807524ECE00F0013ECC6 /* GraphCapsule.swift */,
				F46D6E9F24ED1DA200CE0320 /* HikeGraph.swift */,
			);
			path = "Supporting Views";
			sourceTree = "<group>";
		};
/* End PBXGroup section */

/* Begin PBXNativeTarget section */
		F4484A4024E92CA900A00C61 /* Landmarks */ = {
			isa = PBXNativeTarget;
			buildConfigurationList = F4484A5524E92CAA00A00C61 /* Build configuration list for PBXNativeTarget "Landmarks" */;
			buildPhases = (
				F4484A3D24E92CA900A00C61 /* Sources */,
				F4484A3E24E92CA900A00C61 /* Frameworks */,
				F4484A3F24E92CA900A00C61 /* Resources */,
			);
			buildRules = (
			);
			dependencies = (
			);
			name = Landmarks;
			productName = Landmarks;
			productReference = F4484A4124E92CA900A00C61 /* Landmarks.app */;
			productType = "com.apple.product-type.application";
		};
/* End PBXNativeTarget section */

/* Begin PBXProject section */
		F4484A3924E92CA900A00C61 /* Project object */ = {
			isa = PBXProject;
			attributes = {
				LastSwiftUpdateCheck = 1160;
				LastUpgradeCheck = 1160;
				ORGANIZATIONNAME = "SUYOUNG KIM";
				TargetAttributes = {
					F4484A4024E92CA900A00C61 = {
						CreatedOnToolsVersion = 11.6;
					};
				};
			};
			buildConfigurationList = F4484A3C24E92CA900A00C61 /* Build configuration list for PBXProject "Landmarks" */;
			compatibilityVersion = "Xcode 9.3";
			developmentRegion = en;
			hasScannedForEncodings = 0;
			knownRegions = (
				en,
				Base,
			);
			mainGroup = F4484A3824E92CA900A00C61;
			productRefGroup = F4484A4224E92CA900A00C61 /* Products */;
			projectDirPath = "";
			projectRoot = "";
			targets = (
				F4484A4024E92CA900A00C61 /* Landmarks */,
			);
		};
/* End PBXProject section */

/* Begin PBXResourcesBuildPhase section */
		F4484A3F24E92CA900A00C61 /* Resources */ = {
			isa = PBXResourcesBuildPhase;
			buildActionMask = 2147483647;
			files = (
				F4484A5124E92CAA00A00C61 /* LaunchScreen.storyboard in Resources */,
				F4A6B6F624EEB94F00FD002C /* rainbowlake.jpg in Resources */,
				F4A6B6F724EEB94F00FD002C /* icybay.jpg in Resources */,
				F4A6B6FA24EEB94F00FD002C /* charleyrivers.jpg in Resources */,
				F4484A4E24E92CAA00A00C61 /* Preview Assets.xcassets in Resources */,
				F4A6B6EE24EEB94F00FD002C /* hiddenlake.jpg in Resources */,
				F4A6B6F124EEB94F00FD002C /* chincoteague.jpg in Resources */,
				F4A6B6F224EEB94F00FD002C /* turtlerock.jpg in Resources */,
				F4A6B6EF24EEB94F00FD002C /* landmarkData.json in Resources */,
				F4A6B6F424EEB94F00FD002C /* lakemcdonald.jpg in Resources */,
				F4A6B6F924EEB94F00FD002C /* umbagog.jpg in Resources */,
				F4A6B6FB24EEB94F00FD002C /* silversalmoncreek.jpg in Resources */,
				F4A6B6F824EEB94F00FD002C /* chilkoottrail.jpg in Resources */,
				F4A6B6F324EEB94F00FD002C /* twinlake.jpg in Resources */,
				F4A6B6F024EEB94F00FD002C /* hikeData.json in Resources */,
				F4A6B6F524EEB94F00FD002C /* stmarylake.jpg in Resources */,
				F4484A4B24E92CAA00A00C61 /* Assets.xcassets in Resources */,
			);
			runOnlyForDeploymentPostprocessing = 0;
		};
/* End PBXResourcesBuildPhase section */

/* Begin PBXSourcesBuildPhase section */
		F4484A3D24E92CA900A00C61 /* Sources */ = {
			isa = PBXSourcesBuildPhase;
			buildActionMask = 2147483647;
			files = (
				F407084A24EE95EB0065DD1E /* CategoryRow.swift in Sources */,
				F4CA807224ECBB360013ECC6 /* Hike.swift in Sources */,
				F407084824EE88310065DD1E /* Home.swift in Sources */,
				F4D94A4124EBB51300801ECE /* HexagonParameters.swift in Sources */,
				F4484A4524E92CA900A00C61 /* AppDelegate.swift in Sources */,
				F4484A5E24E93A0D00A00C61 /* CircleImage.swift in Sources */,
				F4D94A3F24EBB41700801ECE /* Badge.swift in Sources */,
				F400643A24EA0BB20041C6E2 /* MapView.swift in Sources */,
				F4484A4724E92CA900A00C61 /* SceneDelegate.swift in Sources */,
				F400645D24EA1AB80041C6E2 /* LandmarkList.swift in Sources */,
				F498BB9724EC19C400F5B92B /* BadgeSymbol.swift in Sources */,
				F4CA806D24ECB6F90013ECC6 /* HikeView.swift in Sources */,
				F498BB9924EC1F9B00F5B92B /* RotatedBadgeSymbol.swift in Sources */,
				F4CA807424ECD8690013ECC6 /* HikeDetail.swift in Sources */,
				F4484A4924E92CA900A00C61 /* LandmarkDetail.swift in Sources */,
				F46D6EA024ED1DA200CE0320 /* HikeGraph.swift in Sources */,
				F498BB9524EC160800F5B92B /* BadgeBackground.swift in Sources */,
				F400645924EA127C0041C6E2 /* LandmarkRow.swift in Sources */,
				F400643D24EA10170041C6E2 /* Landmark.swift in Sources */,
				F45A7AFD24EB75F6005D23CA /* UserData.swift in Sources */,
				F4CA807624ECE00F0013ECC6 /* GraphCapsule.swift in Sources */,
				F400645B24EA14F70041C6E2 /* Data.swift in Sources */,
			);
			runOnlyForDeploymentPostprocessing = 0;
		};
/* End PBXSourcesBuildPhase section */

/* Begin PBXVariantGroup section */
		F4484A4F24E92CAA00A00C61 /* LaunchScreen.storyboard */ = {
			isa = PBXVariantGroup;
			children = (
				F4484A5024E92CAA00A00C61 /* Base */,
			);
			name = LaunchScreen.storyboard;
			sourceTree = "<group>";
		};
/* End PBXVariantGroup section */

/* Begin XCBuildConfiguration section */
		F4484A5324E92CAA00A00C61 /* Debug */ = {
			isa = XCBuildConfiguration;
			buildSettings = {
				ALWAYS_SEARCH_USER_PATHS = NO;
				CLANG_ANALYZER_NONNULL = YES;
				CLANG_ANALYZER_NUMBER_OBJECT_CONVERSION = YES_AGGRESSIVE;
				CLANG_CXX_LANGUAGE_STANDARD = "gnu++14";
				CLANG_CXX_LIBRARY = "libc++";
				CLANG_ENABLE_MODULES = YES;
				CLANG_ENABLE_OBJC_ARC = YES;
				CLANG_ENABLE_OBJC_WEAK = YES;
				CLANG_WARN_BLOCK_CAPTURE_AUTORELEASING = YES;
				CLANG_WARN_BOOL_CONVERSION = YES;
				CLANG_WARN_COMMA = YES;
				CLANG_WARN_CONSTANT_CONVERSION = YES;
				CLANG_WARN_DEPRECATED_OBJC_IMPLEMENTATIONS = YES;
				CLANG_WARN_DIRECT_OBJC_ISA_USAGE = YES_ERROR;
				CLANG_WARN_DOCUMENTATION_COMMENTS = YES;
				CLANG_WARN_EMPTY_BODY = YES;
				CLANG_WARN_ENUM_CONVERSION = YES;
				CLANG_WARN_INFINITE_RECURSION = YES;
				CLANG_WARN_INT_CONVERSION = YES;
				CLANG_WARN_NON_LITERAL_NULL_CONVERSION = YES;
				CLANG_WARN_OBJC_IMPLICIT_RETAIN_SELF = YES;
				CLANG_WARN_OBJC_LITERAL_CONVERSION = YES;
				CLANG_WARN_OBJC_ROOT_CLASS = YES_ERROR;
				CLANG_WARN_RANGE_LOOP_ANALYSIS = YES;
				CLANG_WARN_STRICT_PROTOTYPES = YES;
				CLANG_WARN_SUSPICIOUS_MOVE = YES;
				CLANG_WARN_UNGUARDED_AVAILABILITY = YES_AGGRESSIVE;
				CLANG_WARN_UNREACHABLE_CODE = YES;
				CLANG_WARN__DUPLICATE_METHOD_MATCH = YES;
				COPY_PHASE_STRIP = NO;
				DEBUG_INFORMATION_FORMAT = dwarf;
				ENABLE_STRICT_OBJC_MSGSEND = YES;
				ENABLE_TESTABILITY = YES;
				GCC_C_LANGUAGE_STANDARD = gnu11;
				GCC_DYNAMIC_NO_PIC = NO;
				GCC_NO_COMMON_BLOCKS = YES;
				GCC_OPTIMIZATION_LEVEL = 0;
				GCC_PREPROCESSOR_DEFINITIONS = (
					"DEBUG=1",
					"$(inherited)",
				);
				GCC_WARN_64_TO_32_BIT_CONVERSION = YES;
				GCC_WARN_ABOUT_RETURN_TYPE = YES_ERROR;
				GCC_WARN_UNDECLARED_SELECTOR = YES;
				GCC_WARN_UNINITIALIZED_AUTOS = YES_AGGRESSIVE;
				GCC_WARN_UNUSED_FUNCTION = YES;
				GCC_WARN_UNUSED_VARIABLE = YES;
				IPHONEOS_DEPLOYMENT_TARGET = 13.6;
				MTL_ENABLE_DEBUG_INFO = INCLUDE_SOURCE;
				MTL_FAST_MATH = YES;
				ONLY_ACTIVE_ARCH = YES;
				SDKROOT = iphoneos;
				SWIFT_ACTIVE_COMPILATION_CONDITIONS = DEBUG;
				SWIFT_OPTIMIZATION_LEVEL = "-Onone";
			};
			name = Debug;
		};
		F4484A5424E92CAA00A00C61 /* Release */ = {
			isa = XCBuildConfiguration;
			buildSettings = {
				ALWAYS_SEARCH_USER_PATHS = NO;
				CLANG_ANALYZER_NONNULL = YES;
				CLANG_ANALYZER_NUMBER_OBJECT_CONVERSION = YES_AGGRESSIVE;
				CLANG_CXX_LANGUAGE_STANDARD = "gnu++14";
				CLANG_CXX_LIBRARY = "libc++";
				CLANG_ENABLE_MODULES = YES;
				CLANG_ENABLE_OBJC_ARC = YES;
				CLANG_ENABLE_OBJC_WEAK = YES;
				CLANG_WARN_BLOCK_CAPTURE_AUTORELEASING = YES;
				CLANG_WARN_BOOL_CONVERSION = YES;
				CLANG_WARN_COMMA = YES;
				CLANG_WARN_CONSTANT_CONVERSION = YES;
				CLANG_WARN_DEPRECATED_OBJC_IMPLEMENTATIONS = YES;
				CLANG_WARN_DIRECT_OBJC_ISA_USAGE = YES_ERROR;
				CLANG_WARN_DOCUMENTATION_COMMENTS = YES;
				CLANG_WARN_EMPTY_BODY = YES;
				CLANG_WARN_ENUM_CONVERSION = YES;
				CLANG_WARN_INFINITE_RECURSION = YES;
				CLANG_WARN_INT_CONVERSION = YES;
				CLANG_WARN_NON_LITERAL_NULL_CONVERSION = YES;
				CLANG_WARN_OBJC_IMPLICIT_RETAIN_SELF = YES;
				CLANG_WARN_OBJC_LITERAL_CONVERSION = YES;
				CLANG_WARN_OBJC_ROOT_CLASS = YES_ERROR;
				CLANG_WARN_RANGE_LOOP_ANALYSIS = YES;
				CLANG_WARN_STRICT_PROTOTYPES = YES;
				CLANG_WARN_SUSPICIOUS_MOVE = YES;
				CLANG_WARN_UNGUARDED_AVAILABILITY = YES_AGGRESSIVE;
				CLANG_WARN_UNREACHABLE_CODE = YES;
				CLANG_WARN__DUPLICATE_METHOD_MATCH = YES;
				COPY_PHASE_STRIP = NO;
				DEBUG_INFORMATION_FORMAT = "dwarf-with-dsym";
				ENABLE_NS_ASSERTIONS = NO;
				ENABLE_STRICT_OBJC_MSGSEND = YES;
				GCC_C_LANGUAGE_STANDARD = gnu11;
				GCC_NO_COMMON_BLOCKS = YES;
				GCC_WARN_64_TO_32_BIT_CONVERSION = YES;
				GCC_WARN_ABOUT_RETURN_TYPE = YES_ERROR;
				GCC_WARN_UNDECLARED_SELECTOR = YES;
				GCC_WARN_UNINITIALIZED_AUTOS = YES_AGGRESSIVE;
				GCC_WARN_UNUSED_FUNCTION = YES;
				GCC_WARN_UNUSED_VARIABLE = YES;
				IPHONEOS_DEPLOYMENT_TARGET = 13.6;
				MTL_ENABLE_DEBUG_INFO = NO;
				MTL_FAST_MATH = YES;
				SDKROOT = iphoneos;
				SWIFT_COMPILATION_MODE = wholemodule;
				SWIFT_OPTIMIZATION_LEVEL = "-O";
				VALIDATE_PRODUCT = YES;
			};
			name = Release;
		};
		F4484A5624E92CAA00A00C61 /* Debug */ = {
			isa = XCBuildConfiguration;
			buildSettings = {
				ASSETCATALOG_COMPILER_APPICON_NAME = AppIcon;
				CODE_SIGN_STYLE = Automatic;
				DEVELOPMENT_ASSET_PATHS = "\"Landmarks/Preview Content\"";
				DEVELOPMENT_TEAM = BZCYVGMV4S;
				ENABLE_PREVIEWS = YES;
				INFOPLIST_FILE = Landmarks/Info.plist;
				LD_RUNPATH_SEARCH_PATHS = (
					"$(inherited)",
					"@executable_path/Frameworks",
				);
				PRODUCT_BUNDLE_IDENTIFIER = com.kpp.Landmarks;
				PRODUCT_NAME = "$(TARGET_NAME)";
				SWIFT_VERSION = 5.0;
				TARGETED_DEVICE_FAMILY = "1,2";
			};
			name = Debug;
		};
		F4484A5724E92CAA00A00C61 /* Release */ = {
			isa = XCBuildConfiguration;
			buildSettings = {
				ASSETCATALOG_COMPILER_APPICON_NAME = AppIcon;
				CODE_SIGN_STYLE = Automatic;
				DEVELOPMENT_ASSET_PATHS = "\"Landmarks/Preview Content\"";
				DEVELOPMENT_TEAM = BZCYVGMV4S;
				ENABLE_PREVIEWS = YES;
				INFOPLIST_FILE = Landmarks/Info.plist;
				LD_RUNPATH_SEARCH_PATHS = (
					"$(inherited)",
					"@executable_path/Frameworks",
				);
				PRODUCT_BUNDLE_IDENTIFIER = com.kpp.Landmarks;
				PRODUCT_NAME = "$(TARGET_NAME)";
				SWIFT_VERSION = 5.0;
				TARGETED_DEVICE_FAMILY = "1,2";
			};
			name = Release;
		};
/* End XCBuildConfiguration section */

/* Begin XCConfigurationList section */
		F4484A3C24E92CA900A00C61 /* Build configuration list for PBXProject "Landmarks" */ = {
			isa = XCConfigurationList;
			buildConfigurations = (
				F4484A5324E92CAA00A00C61 /* Debug */,
				F4484A5424E92CAA00A00C61 /* Release */,
			);
			defaultConfigurationIsVisible = 0;
			defaultConfigurationName = Release;
		};
		F4484A5524E92CAA00A00C61 /* Build configuration list for PBXNativeTarget "Landmarks" */ = {
			isa = XCConfigurationList;
			buildConfigurations = (
				F4484A5624E92CAA00A00C61 /* Debug */,
				F4484A5724E92CAA00A00C61 /* Release */,
			);
			defaultConfigurationIsVisible = 0;
			defaultConfigurationName = Release;
		};
/* End XCConfigurationList section */
	};
	rootObject = F4484A3924E92CA900A00C61 /* Project object */;
}
